{
	"name": "assistant-alexa",
	"version": "0.4.1",
	"lockfileVersion": 1,
	"requires": true,
	"dependencies": {
		"alexa-verifier": {
			"version": "2.0.1",
			"resolved": "https://registry.npmjs.org/alexa-verifier/-/alexa-verifier-2.0.1.tgz",
			"integrity": "sha512-jRE5tRPKiR91gHi5ss4wrVilc4HK/HGgt8KQP936IJGsdjUZPyh7GoFsvMvspIJwxzTiaMxI5XUXakkzXMOL3A==",
			"requires": {
				"node-forge": "^0.7.0",
				"validator": "^9.0.0"
			}
		},
		"ask-sdk-model": {
			"version": "1.13.0",
			"resolved": "https://registry.npmjs.org/ask-sdk-model/-/ask-sdk-model-1.13.0.tgz",
			"integrity": "sha512-LmW6/sZXM+RA3m9W4Vm9xpiG58HC4tg3q/EA0tFUWazIpt817p7WZdC4Tbk7vPkDtFOdnPoy94tw1P/gYqn8Cw=="
		},
		"node-forge": {
			"version": "0.7.6",
			"resolved": "http://sinopia.verstehe.local:4873/node-forge/-/node-forge-0.7.6.tgz",
			"integrity": "sha512-sol30LUpz1jQFBjOKwbjxijiE3b6pjd74YwfD0fJOKPjF+fONKb2Yg8rYgS6+bK6VDl+/wfr4IYpC7jDzLUIfw=="
		},
		"validator": {
			"version": "9.4.1",
			"resolved": "http://sinopia.verstehe.local:4873/validator/-/validator-9.4.1.tgz",
			"integrity": "sha512-YV5KjzvRmSyJ1ee/Dm5UED0G+1L4GZnLN3w6/T+zZm8scVua4sOhYKWTUrKa0H/tMiJyO9QLHMPN+9mB/aMunA=="
		}
	}
}
